
Microsoft Visual Studio Solution File, Format Version 12.00
# Visual Studio Version 17
VisualStudioVersion = 17.14.36109.1 d17.14
MinimumVisualStudioVersion = 10.0.40219.1
Project("{FAE04EC0-301F-11D3-BF4B-00C04F79EFBC}") = "SmallScaleProjectTask2", "SmallScaleProjectTask2\SmallScaleProjectTask2.csproj", "{6CAB5740-F03E-41FC-8BBD-774529D6ABEC}"
EndProject
Global
	GlobalSection(SolutionConfigurationPlatforms) = preSolution
		Debug|Any CPU = Debug|Any CPU
		Release|Any CPU = Release|Any CPU
	EndGlobalSection
	GlobalSection(ProjectConfigurationPlatforms) = postSolution
		{6CAB5740-F03E-41FC-8BBD-774529D6ABEC}.Debug|Any CPU.ActiveCfg = Debug|Any CPU
		{6CAB5740-F03E-41FC-8BBD-774529D6ABEC}.Debug|Any CPU.Build.0 = Debug|Any CPU
		{6CAB5740-F03E-41FC-8BBD-774529D6ABEC}.Release|Any CPU.ActiveCfg = Release|Any CPU
		{6CAB5740-F03E-41FC-8BBD-774529D6ABEC}.Release|Any CPU.Build.0 = Release|Any CPU
	EndGlobalSection
	GlobalSection(SolutionProperties) = preSolution
		HideSolutionNode = FALSE
	EndGlobalSection
	GlobalSection(ExtensibilityGlobals) = postSolution
		SolutionGuid = {32A7E1B3-6F65-4E15-AD8A-9E3252F62F74}
	EndGlobalSection
EndGlobal
